Microsoft Visual Studio Solution File, Format Version 12.00
# Visual Studio 15
VisualStudioVersion = 15.0.27130.2024
MinimumVisualStudioVersion = 10.0.40219.1
Project("{6EC3EE1D-3C4E-46DD-8F32-0CC8E7565705}") = "WebSharper.Remarkable", "WebSharper.Remarkable\WebSharper.Remarkable.fsproj", "{93167253-1F52-46B0-911E-3DC03ACC1CBF}"
EndProject
Project("{2150E333-8FDC-42A3-9474-1A3956D46DE8}") = "Solution Items", "Solution Items", "{81D4E1D1-E78E-4DCB-9365-9A96241C8E06}"
	ProjectSection(SolutionItems) = preProject
		.gitignore = .gitignore
		build-zafir.cmd = build-zafir.cmd
		build-zafir.fsx = build-zafir.fsx
		build.cmd = build.cmd
		build.fsx = build.fsx
		build.sh = build.sh
		ivy-zafir.xml = ivy-zafir.xml
		ivy.xml = ivy.xml
		LICENSE.md = LICENSE.md
		README.md = README.md
	EndProjectSection
EndProject
Project("{6EC3EE1D-3C4E-46DD-8F32-0CC8E7565705}") = "WebSharper.Remarkable.RenderingTest", "WebSharper.Remarkable.RenderingTest\WebSharper.Remarkable.RenderingTest.fsproj", "{10A18D24-C8F9-40C7-9B29-1BCAC19EA5FC}"
EndProject
Global
	GlobalSection(SolutionConfigurationPlatforms) = preSolution
		Debug|Any CPU = Debug|Any CPU
		Release|Any CPU = Release|Any CPU
	EndGlobalSection
	GlobalSection(ProjectConfigurationPlatforms) = postSolution
		{93167253-1F52-46B0-911E-3DC03ACC1CBF}.Debug|Any CPU.ActiveCfg = Debug|Any CPU
		{93167253-1F52-46B0-911E-3DC03ACC1CBF}.Debug|Any CPU.Build.0 = Debug|Any CPU
		{93167253-1F52-46B0-911E-3DC03ACC1CBF}.Release|Any CPU.ActiveCfg = Release|Any CPU
		{93167253-1F52-46B0-911E-3DC03ACC1CBF}.Release|Any CPU.Build.0 = Release|Any CPU
		{10A18D24-C8F9-40C7-9B29-1BCAC19EA5FC}.Debug|Any CPU.ActiveCfg = Debug|Any CPU
		{10A18D24-C8F9-40C7-9B29-1BCAC19EA5FC}.Debug|Any CPU.Build.0 = Debug|Any CPU
		{10A18D24-C8F9-40C7-9B29-1BCAC19EA5FC}.Release|Any CPU.ActiveCfg = Release|Any CPU
		{10A18D24-C8F9-40C7-9B29-1BCAC19EA5FC}.Release|Any CPU.Build.0 = Release|Any CPU
	EndGlobalSection
	GlobalSection(SolutionProperties) = preSolution
		HideSolutionNode = FALSE
	EndGlobalSection
	GlobalSection(ExtensibilityGlobals) = postSolution
		SolutionGuid = {51C26200-3063-4D72-9B3A-690D4E0DAB57}
	EndGlobalSection
EndGlobal
